
Microsoft Visual Studio Solution File, Format Version 12.00
# Visual Studio Version 17
VisualStudioVersion = 17.11.35312.102
MinimumVisualStudioVersion = 10.0.40219.1
Project("{FAE04EC0-301F-11D3-BF4B-00C04F79EFBC}") = "HighLowAverage", "HighLowAverage\HighLowAverage.csproj", "{F3E9243A-BAE6-454D-8420-2D1981117835}"
EndProject
Global
	GlobalSection(SolutionConfigurationPlatforms) = preSolution
		Debug|Any CPU = Debug|Any CPU
		Release|Any CPU = Release|Any CPU
	EndGlobalSection
	GlobalSection(ProjectConfigurationPlatforms) = postSolution
		{F3E9243A-BAE6-454D-8420-2D1981117835}.Debug|Any CPU.ActiveCfg = Debug|Any CPU
		{F3E9243A-BAE6-454D-8420-2D1981117835}.Debug|Any CPU.Build.0 = Debug|Any CPU
		{F3E9243A-BAE6-454D-8420-2D1981117835}.Release|Any CPU.ActiveCfg = Release|Any CPU
		{F3E9243A-BAE6-454D-8420-2D1981117835}.Release|Any CPU.Build.0 = Release|Any CPU
	EndGlobalSection
	GlobalSection(SolutionProperties) = preSolution
		HideSolutionNode = FALSE
	EndGlobalSection
	GlobalSection(ExtensibilityGlobals) = postSolution
		SolutionGuid = {897C204A-3E2F-44AA-A2CA-DF03C4B4A3CA}
	EndGlobalSection
EndGlobal
